
Microsoft Visual Studio Solution File, Format Version 12.00
# Visual Studio Version 16
VisualStudioVersion = 16.0.29215.179
MinimumVisualStudioVersion = 10.0.40219.1
Project("{FAE04EC0-301F-11D3-BF4B-00C04F79EFBC}") = "Blyat23", "Blyat23\Blyat23.csproj", "{1435CA92-11E6-48D4-8A2E-815E1476C276}"
EndProject
Project("{FAE04EC0-301F-11D3-BF4B-00C04F79EFBC}") = "NUnitTestProject1", "NUnitTestProject1\NUnitTestProject1.csproj", "{4ACA6CA4-E23C-4FE6-A2F0-D6372EEA744E}"
EndProject
Global
	GlobalSection(SolutionConfigurationPlatforms) = preSolution
		Debug|Any CPU = Debug|Any CPU
		Release|Any CPU = Release|Any CPU
	EndGlobalSection
	GlobalSection(ProjectConfigurationPlatforms) = postSolution
		{1435CA92-11E6-48D4-8A2E-815E1476C276}.Debug|Any CPU.ActiveCfg = Debug|Any CPU
		{1435CA92-11E6-48D4-8A2E-815E1476C276}.Debug|Any CPU.Build.0 = Debug|Any CPU
		{1435CA92-11E6-48D4-8A2E-815E1476C276}.Release|Any CPU.ActiveCfg = Release|Any CPU
		{1435CA92-11E6-48D4-8A2E-815E1476C276}.Release|Any CPU.Build.0 = Release|Any CPU
		{4ACA6CA4-E23C-4FE6-A2F0-D6372EEA744E}.Debug|Any CPU.ActiveCfg = Debug|Any CPU
		{4ACA6CA4-E23C-4FE6-A2F0-D6372EEA744E}.Debug|Any CPU.Build.0 = Debug|Any CPU
		{4ACA6CA4-E23C-4FE6-A2F0-D6372EEA744E}.Release|Any CPU.ActiveCfg = Release|Any CPU
		{4ACA6CA4-E23C-4FE6-A2F0-D6372EEA744E}.Release|Any CPU.Build.0 = Release|Any CPU
	EndGlobalSection
	GlobalSection(SolutionProperties) = preSolution
		HideSolutionNode = FALSE
	EndGlobalSection
	GlobalSection(ExtensibilityGlobals) = postSolution
		SolutionGuid = {F32BD2E9-6BBD-4FE0-ACE4-995651406EF9}
	EndGlobalSection
EndGlobal
